// !$*UTF8*$!
{
	archiveVersion = 1;
	classes = {
	};
	objectVersion = 50;
	objects = {

/* Begin PBXBuildFile section */
		54DFE3F42148E1CC00DB2132 /* AppDelegate.swift in Sources */ = {isa = PBXBuildFile; fileRef = 54DFE3F32148E1CC00DB2132 /* AppDelegate.swift */; };
		54DFE3F62148E1CC00DB2132 /* ViewController.swift in Sources */ = {isa = PBXBuildFile; fileRef = 54DFE3F52148E1CC00DB2132 /* ViewController.swift */; };
		54DFE3F92148E1CC00DB2132 /* Main.storyboard in Resources */ = {isa = PBXBuildFile; fileRef = 54DFE3F72148E1CC00DB2132 /* Main.storyboard */; };
		54DFE3FB2148E1CF00DB2132 /* Assets.xcassets in Resources */ = {isa = PBXBuildFile; fileRef = 54DFE3FA2148E1CF00DB2132 /* Assets.xcassets */; };
		54DFE3FE2148E1CF00DB2132 /* LaunchScreen.storyboard in Resources */ = {isa = PBXBuildFile; fileRef = 54DFE3FC2148E1CF00DB2132 /* LaunchScreen.storyboard */; };
		54DFE4092148E1CF00DB2132 /* Sort_It_Tista_XTests.swift in Sources */ = {isa = PBXBuildFile; fileRef = 54DFE4082148E1CF00DB2132 /* Sort_It_Tista_XTests.swift */; };
		54DFE4142148E1CF00DB2132 /* Sort_It_Tista_XUITests.swift in Sources */ = {isa = PBXBuildFile; fileRef = 54DFE4132148E1CF00DB2132 /* Sort_It_Tista_XUITests.swift */; };
/* End PBXBuildFile section */

/* Begin PBXContainerItemProxy section */
		54DFE4052148E1CF00DB2132 /* PBXContainerItemProxy */ = {
			isa = PBXContainerItemProxy;
			containerPortal = 54DFE3E82148E1CC00DB2132 /* Project object */;
			proxyType = 1;
			remoteGlobalIDString = 54DFE3EF2148E1CC00DB2132;
			remoteInfo = "Sort It Tista X";
		};
		54DFE4102148E1CF00DB2132 /* PBXContainerItemProxy */ = {
			isa = PBXContainerItemProxy;
			containerPortal = 54DFE3E82148E1CC00DB2132 /* Project object */;
			proxyType = 1;
			remoteGlobalIDString = 54DFE3EF2148E1CC00DB2132;
			remoteInfo = "Sort It Tista X";
		};
/* End PBXContainerItemProxy section */

/* Begin PBXFileReference section */
		54DFE3F02148E1CC00DB2132 /* Sort It Tista X.app */ = {isa = PBXFileReference; explicitFileType = wrapper.application; includeInIndex = 0; path = "Sort It Tista X.app"; sourceTree = BUILT_PRODUCTS_DIR; };
		54DFE3F32148E1CC00DB2132 /* AppDelegate.swift */ = {isa = PBXFileReference; lastKnownFileType = sourcecode.swift; path = AppDelegate.swift; sourceTree = "<group>"; };
		54DFE3F52148E1CC00DB2132 /* ViewController.swift */ = {isa = PBXFileReference; lastKnownFileType = sourcecode.swift; path = ViewController.swift; sourceTree = "<group>"; };
		54DFE3F82148E1CC00DB2132 /* Base */ = {isa = PBXFileReference; lastKnownFileType = file.storyboard; name = Base; path = Base.lproj/Main.storyboard; sourceTree = "<group>"; };
		54DFE3FA2148E1CF00DB2132 /* Assets.xcassets */ = {isa = PBXFileReference; lastKnownFileType = folder.assetcatalog; path = Assets.xcassets; sourceTree = "<group>"; };
		54DFE3FD2148E1CF00DB2132 /* Base */ = {isa = PBXFileReference; lastKnownFileType = file.storyboard; name = Base; path = Base.lproj/LaunchScreen.storyboard; sourceTree = "<group>"; };
		54DFE3FF2148E1CF00DB2132 /* Info.plist */ = {isa = PBXFileReference; lastKnownFileType = text.plist.xml; path = Info.plist; sourceTree = "<group>"; };
		54DFE4042148E1CF00DB2132 /* Sort It Tista XTests.xctest */ = {isa = PBXFileReference; explicitFileType = wrapper.cfbundle; includeInIndex = 0; path = "Sort It Tista XTests.xctest"; sourceTree = BUILT_PRODUCTS_DIR; };
		54DFE4082148E1CF00DB2132 /* Sort_It_Tista_XTests.swift */ = {isa = PBXFileReference; lastKnownFileType = sourcecode.swift; path = Sort_It_Tista_XTests.swift; sourceTree = "<group>"; };
		54DFE40A2148E1CF00DB2132 /* Info.plist */ = {isa = PBXFileReference; lastKnownFileType = text.plist.xml; path = Info.plist; sourceTree = "<group>"; };
		54DFE40F2148E1CF00DB2132 /* Sort It Tista XUITests.xctest */ = {isa = PBXFileReference; explicitFileType = wrapper.cfbundle; includeInIndex = 0; path = "Sort It Tista XUITests.xctest"; sourceTree = BUILT_PRODUCTS_DIR; };
		54DFE4132148E1CF00DB2132 /* Sort_It_Tista_XUITests.swift */ = {isa = PBXFileReference; lastKnownFileType = sourcecode.swift; path = Sort_It_Tista_XUITests.swift; sourceTree = "<group>"; };
		54DFE4152148E1CF00DB2132 /* Info.plist */ = {isa = PBXFileReference; lastKnownFileType = text.plist.xml; path = Info.plist; sourceTree = "<group>"; };
/* End PBXFileReference section */

/* Begin PBXFrameworksBuildPhase section */
		54DFE3ED2148E1CC00DB2132 /* Frameworks */ = {
			isa = PBXFrameworksBuildPhase;
			buildActionMask = 2147483647;
			files = (
			);
			runOnlyForDeploymentPostprocessing = 0;
		};
		54DFE4012148E1CF00DB2132 /* Frameworks */ = {
			isa = PBXFrameworksBuildPhase;
			buildActionMask = 2147483647;
			files = (
			);
			runOnlyForDeploymentPostprocessing = 0;
		};
		54DFE40C2148E1CF00DB2132 /* Frameworks */ = {
			isa = PBXFrameworksBuildPhase;
			buildActionMask = 2147483647;
			files = (
			);
			runOnlyForDeploymentPostprocessing = 0;
		};
/* End PBXFrameworksBuildPhase section */

/* Begin PBXGroup section */
		54DFE3E72148E1CC00DB2132 = {
			isa = PBXGroup;
			children = (
				54DFE3F22148E1CC00DB2132 /* Sort It Tista X */,
				54DFE4072148E1CF00DB2132 /* Sort It Tista XTests */,
				54DFE4122148E1CF00DB2132 /* Sort It Tista XUITests */,
				54DFE3F12148E1CC00DB2132 /* Products */,
			);
			sourceTree = "<group>";
		};
		54DFE3F12148E1CC00DB2132 /* Products */ = {
			isa = PBXGroup;
			children = (
				54DFE3F02148E1CC00DB2132 /* Sort It Tista X.app */,
				54DFE4042148E1CF00DB2132 /* Sort It Tista XTests.xctest */,
				54DFE40F2148E1CF00DB2132 /* Sort It Tista XUITests.xctest */,
			);
			name = Products;
			sourceTree = "<group>";
		};
		54DFE3F22148E1CC00DB2132 /* Sort It Tista X */ = {
			isa = PBXGroup;
			children = (
				54DFE3F32148E1CC00DB2132 /* AppDelegate.swift */,
				54DFE3F52148E1CC00DB2132 /* ViewController.swift */,
				54DFE3F72148E1CC00DB2132 /* Main.storyboard */,
				54DFE3FA2148E1CF00DB2132 /* Assets.xcassets */,
				54DFE3FC2148E1CF00DB2132 /* LaunchScreen.storyboard */,
				54DFE3FF2148E1CF00DB2132 /* Info.plist */,
			);
			path = "Sort It Tista X";
			sourceTree = "<group>";
		};
		54DFE4072148E1CF00DB2132 /* Sort It Tista XTests */ = {
			isa = PBXGroup;
			children = (
				54DFE4082148E1CF00DB2132 /* Sort_It_Tista_XTests.swift */,
				54DFE40A2148E1CF00DB2132 /* Info.plist */,
			);
			path = "Sort It Tista XTests";
			sourceTree = "<group>";
		};
		54DFE4122148E1CF00DB2132 /* Sort It Tista XUITests */ = {
			isa = PBXGroup;
			children = (
				54DFE4132148E1CF00DB2132 /* Sort_It_Tista_XUITests.swift */,
				54DFE4152148E1CF00DB2132 /* Info.plist */,
			);
			path = "Sort It Tista XUITests";
			sourceTree = "<group>";
		};
/* End PBXGroup section */

/* Begin PBXNativeTarget section */
		54DFE3EF2148E1CC00DB2132 /* Sort It Tista X */ = {
			isa = PBXNativeTarget;
			buildConfigurationList = 54DFE4182148E1CF00DB2132 /* Build configuration list for PBXNativeTarget "Sort It Tista X" */;
			buildPhases = (
				54DFE3EC2148E1CC00DB2132 /* Sources */,
				54DFE3ED2148E1CC00DB2132 /* Frameworks */,
				54DFE3EE2148E1CC00DB2132 /* Resources */,
			);
			buildRules = (
			);
			dependencies = (
			);
			name = "Sort It Tista X";
			productName = "Sort It Tista X";
			productReference = 54DFE3F02148E1CC00DB2132 /* Sort It Tista X.app */;
			productType = "com.apple.product-type.application";
		};
		54DFE4032148E1CF00DB2132 /* Sort It Tista XTests */ = {
			isa = PBXNativeTarget;
			buildConfigurationList = 54DFE41B2148E1CF00DB2132 /* Build configuration list for PBXNativeTarget "Sort It Tista XTests" */;
			buildPhases = (
				54DFE4002148E1CF00DB2132 /* Sources */,
				54DFE4012148E1CF00DB2132 /* Frameworks */,
				54DFE4022148E1CF00DB2132 /* Resources */,
			);
			buildRules = (
			);
			dependencies = (
				54DFE4062148E1CF00DB2132 /* PBXTargetDependency */,
			);
			name = "Sort It Tista XTests";
			productName = "Sort It Tista XTests";
			productReference = 54DFE4042148E1CF00DB2132 /* Sort It Tista XTests.xctest */;
			productType = "com.apple.product-type.bundle.unit-test";
		};
		54DFE40E2148E1CF00DB2132 /* Sort It Tista XUITests */ = {
			isa = PBXNativeTarget;
			buildConfigurationList = 54DFE41E2148E1CF00DB2132 /* Build configuration list for PBXNativeTarget "Sort It Tista XUITests" */;
			buildPhases = (
				54DFE40B2148E1CF00DB2132 /* Sources */,
				54DFE40C2148E1CF00DB2132 /* Frameworks */,
				54DFE40D2148E1CF00DB2132 /* Resources */,
			);
			buildRules = (
			);
			dependencies = (
				54DFE4112148E1CF00DB2132 /* PBXTargetDependency */,
			);
			name = "Sort It Tista XUITests";
			productName = "Sort It Tista XUITests";
			productReference = 54DFE40F2148E1CF00DB2132 /* Sort It Tista XUITests.xctest */;
			productType = "com.apple.product-type.bundle.ui-testing";
		};
/* End PBXNativeTarget section */

/* Begin PBXProject section */
		54DFE3E82148E1CC00DB2132 /* Project object */ = {
			isa = PBXProject;
			attributes = {
				LastSwiftUpdateCheck = 0940;
				LastUpgradeCheck = 0940;
				ORGANIZATIONNAME = Tista;
				TargetAttributes = {
					54DFE3EF2148E1CC00DB2132 = {
						CreatedOnToolsVersion = 9.4.1;
					};
					54DFE4032148E1CF00DB2132 = {
						CreatedOnToolsVersion = 9.4.1;
						TestTargetID = 54DFE3EF2148E1CC00DB2132;
					};
					54DFE40E2148E1CF00DB2132 = {
						CreatedOnToolsVersion = 9.4.1;
						TestTargetID = 54DFE3EF2148E1CC00DB2132;
					};
				};
			};
			buildConfigurationList = 54DFE3EB2148E1CC00DB2132 /* Build configuration list for PBXProject "Sort It Tista X" */;
			compatibilityVersion = "Xcode 9.3";
			developmentRegion = en;
			hasScannedForEncodings = 0;
			knownRegions = (
				en,
				Base,
			);
			mainGroup = 54DFE3E72148E1CC00DB2132;
			productRefGroup = 54DFE3F12148E1CC00DB2132 /* Products */;
			projectDirPath = "";
			projectRoot = "";
			targets = (
				54DFE3EF2148E1CC00DB2132 /* Sort It Tista X */,
				54DFE4032148E1CF00DB2132 /* Sort It Tista XTests */,
				54DFE40E2148E1CF00DB2132 /* Sort It Tista XUITests */,
			);
		};
/* End PBXProject section */

/* Begin PBXResourcesBuildPhase section */
		54DFE3EE2148E1CC00DB2132 /* Resources */ = {
			isa = PBXResourcesBuildPhase;
			buildActionMask = 2147483647;
			files = (
				54DFE3FE2148E1CF00DB2132 /* LaunchScreen.storyboard in Resources */,
				54DFE3FB2148E1CF00DB2132 /* Assets.xcassets in Resources */,
				54DFE3F92148E1CC00DB2132 /* Main.storyboard in Resources */,
			);
			runOnlyForDeploymentPostprocessing = 0;
		};
		54DFE4022148E1CF00DB2132 /* Resources */ = {
			isa = PBXResourcesBuildPhase;
			buildActionMask = 2147483647;
			files = (
			);
			runOnlyForDeploymentPostprocessing = 0;
		};
		54DFE40D2148E1CF00DB2132 /* Resources */ = {
			isa = PBXResourcesBuildPhase;
			buildActionMask = 2147483647;
			files = (
			);
			runOnlyForDeploymentPostprocessing = 0;
		};
/* End PBXResourcesBuildPhase section */

/* Begin PBXSourcesBuildPhase section */
		54DFE3EC2148E1CC00DB2132 /* Sources */ = {
			isa = PBXSourcesBuildPhase;
			buildActionMask = 2147483647;
			files = (
				54DFE3F62148E1CC00DB2132 /* ViewController.swift in Sources */,
				54DFE3F42148E1CC00DB2132 /* AppDelegate.swift in Sources */,
			);
			runOnlyForDeploymentPostprocessing = 0;
		};
		54DFE4002148E1CF00DB2132 /* Sources */ = {
			isa = PBXSourcesBuildPhase;
			buildActionMask = 2147483647;
			files = (
				54DFE4092148E1CF00DB2132 /* Sort_It_Tista_XTests.swift in Sources */,
			);
			runOnlyForDeploymentPostprocessing = 0;
		};
		54DFE40B2148E1CF00DB2132 /* Sources */ = {
			isa = PBXSourcesBuildPhase;
			buildActionMask = 2147483647;
			files = (
				54DFE4142148E1CF00DB2132 /* Sort_It_Tista_XUITests.swift in Sources */,
			);
			runOnlyForDeploymentPostprocessing = 0;
		};
/* End PBXSourcesBuildPhase section */

/* Begin PBXTargetDependency section */
		54DFE4062148E1CF00DB2132 /* PBXTargetDependency */ = {
			isa = PBXTargetDependency;
			target = 54DFE3EF2148E1CC00DB2132 /* Sort It Tista X */;
			targetProxy = 54DFE4052148E1CF00DB2132 /* PBXContainerItemProxy */;
		};
		54DFE4112148E1CF00DB2132 /* PBXTargetDependency */ = {
			isa = PBXTargetDependency;
			target = 54DFE3EF2148E1CC00DB2132 /* Sort It Tista X */;
			targetProxy = 54DFE4102148E1CF00DB2132 /* PBXContainerItemProxy */;
		};
/* End PBXTargetDependency section */

/* Begin PBXVariantGroup section */
		54DFE3F72148E1CC00DB2132 /* Main.storyboard */ = {
			isa = PBXVariantGroup;
			children = (
				54DFE3F82148E1CC00DB2132 /* Base */,
			);
			name = Main.storyboard;
			sourceTree = "<group>";
		};
		54DFE3FC2148E1CF00DB2132 /* LaunchScreen.storyboard */ = {
			isa = PBXVariantGroup;
			children = (
				54DFE3FD2148E1CF00DB2132 /* Base */,
			);
			name = LaunchScreen.storyboard;
			sourceTree = "<group>";
		};
/* End PBXVariantGroup section */

/* Begin XCBuildConfiguration section */
		54DFE4162148E1CF00DB2132 /* Debug */ = {
			isa = XCBuildConfiguration;
			buildSettings = {
				ALWAYS_SEARCH_USER_PATHS = NO;
				CLANG_ANALYZER_NONNULL = YES;
				CLANG_ANALYZER_NUMBER_OBJECT_CONVERSION = YES_AGGRESSIVE;
				CLANG_CXX_LANGUAGE_STANDARD = "gnu++14";
				CLANG_CXX_LIBRARY = "libc++";
				CLANG_ENABLE_MODULES = YES;
				CLANG_ENABLE_OBJC_ARC = YES;
				CLANG_ENABLE_OBJC_WEAK = YES;
				CLANG_WARN_BLOCK_CAPTURE_AUTORELEASING = YES;
				CLANG_WARN_BOOL_CONVERSION = YES;
				CLANG_WARN_COMMA = YES;
				CLANG_WARN_CONSTANT_CONVERSION = YES;
				CLANG_WARN_DEPRECATED_OBJC_IMPLEMENTATIONS = YES;
				CLANG_WARN_DIRECT_OBJC_ISA_USAGE = YES_ERROR;
				CLANG_WARN_DOCUMENTATION_COMMENTS = YES;
				CLANG_WARN_EMPTY_BODY = YES;
				CLANG_WARN_ENUM_CONVERSION = YES;
				CLANG_WARN_INFINITE_RECURSION = YES;
				CLANG_WARN_INT_CONVERSION = YES;
				CLANG_WARN_NON_LITERAL_NULL_CONVERSION = YES;
				CLANG_WARN_OBJC_IMPLICIT_RETAIN_SELF = YES;
				CLANG_WARN_OBJC_LITERAL_CONVERSION = YES;
				CLANG_WARN_OBJC_ROOT_CLASS = YES_ERROR;
				CLANG_WARN_RANGE_LOOP_ANALYSIS = YES;
				CLANG_WARN_STRICT_PROTOTYPES = YES;
				CLANG_WARN_SUSPICIOUS_MOVE = YES;
				CLANG_WARN_UNGUARDED_AVAILABILITY = YES_AGGRESSIVE;
				CLANG_WARN_UNREACHABLE_CODE = YES;
				CLANG_WARN__DUPLICATE_METHOD_MATCH = YES;
				CODE_SIGN_IDENTITY = "iPhone Developer";
				COPY_PHASE_STRIP = NO;
				DEBUG_INFORMATION_FORMAT = dwarf;
				ENABLE_STRICT_OBJC_MSGSEND = YES;
				ENABLE_TESTABILITY = YES;
				GCC_C_LANGUAGE_STANDARD = gnu11;
				GCC_DYNAMIC_NO_PIC = NO;
				GCC_NO_COMMON_BLOCKS = YES;
				GCC_OPTIMIZATION_LEVEL = 0;
				GCC_PREPROCESSOR_DEFINITIONS = (
					"DEBUG=1",
					"$(inherited)",
				);
				GCC_WARN_64_TO_32_BIT_CONVERSION = YES;
				GCC_WARN_ABOUT_RETURN_TYPE = YES_ERROR;
				GCC_WARN_UNDECLARED_SELECTOR = YES;
				GCC_WARN_UNINITIALIZED_AUTOS = YES_AGGRESSIVE;
				GCC_WARN_UNUSED_FUNCTION = YES;
				GCC_WARN_UNUSED_VARIABLE = YES;
				IPHONEOS_DEPLOYMENT_TARGET = 11.4;
				MTL_ENABLE_DEBUG_INFO = YES;
				ONLY_ACTIVE_ARCH = YES;
				SDKROOT = iphoneos;
				SWIFT_ACTIVE_COMPILATION_CONDITIONS = DEBUG;
				SWIFT_OPTIMIZATION_LEVEL = "-Onone";
			};
			name = Debug;
		};
		54DFE4172148E1CF00DB2132 /* Release */ = {
			isa = XCBuildConfiguration;
			buildSettings = {
				ALWAYS_SEARCH_USER_PATHS = NO;
				CLANG_ANALYZER_NONNULL = YES;
				CLANG_ANALYZER_NUMBER_OBJECT_CONVERSION = YES_AGGRESSIVE;
				CLANG_CXX_LANGUAGE_STANDARD = "gnu++14";
				CLANG_CXX_LIBRARY = "libc++";
				CLANG_ENABLE_MODULES = YES;
				CLANG_ENABLE_OBJC_ARC = YES;
				CLANG_ENABLE_OBJC_WEAK = YES;
				CLANG_WARN_BLOCK_CAPTURE_AUTORELEASING = YES;
				CLANG_WARN_BOOL_CONVERSION = YES;
				CLANG_WARN_COMMA = YES;
				CLANG_WARN_CONSTANT_CONVERSION = YES;
				CLANG_WARN_DEPRECATED_OBJC_IMPLEMENTATIONS = YES;
				CLANG_WARN_DIRECT_OBJC_ISA_USAGE = YES_ERROR;
				CLANG_WARN_DOCUMENTATION_COMMENTS = YES;
				CLANG_WARN_EMPTY_BODY = YES;
				CLANG_WARN_ENUM_CONVERSION = YES;
				CLANG_WARN_INFINITE_RECURSION = YES;
				CLANG_WARN_INT_CONVERSION = YES;
				CLANG_WARN_NON_LITERAL_NULL_CONVERSION = YES;
				CLANG_WARN_OBJC_IMPLICIT_RETAIN_SELF = YES;
				CLANG_WARN_OBJC_LITERAL_CONVERSION = YES;
				CLANG_WARN_OBJC_ROOT_CLASS = YES_ERROR;
				CLANG_WARN_RANGE_LOOP_ANALYSIS = YES;
				CLANG_WARN_STRICT_PROTOTYPES = YES;
				CLANG_WARN_SUSPICIOUS_MOVE = YES;
				CLANG_WARN_UNGUARDED_AVAILABILITY = YES_AGGRESSIVE;
				CLANG_WARN_UNREACHABLE_CODE = YES;
				CLANG_WARN__DUPLICATE_METHOD_MATCH = YES;
				CODE_SIGN_IDENTITY = "iPhone Developer";
				COPY_PHASE_STRIP = NO;
				DEBUG_INFORMATION_FORMAT = "dwarf-with-dsym";
				ENABLE_NS_ASSERTIONS = NO;
				ENABLE_STRICT_OBJC_MSGSEND = YES;
				GCC_C_LANGUAGE_STANDARD = gnu11;
				GCC_NO_COMMON_BLOCKS = YES;
				GCC_WARN_64_TO_32_BIT_CONVERSION = YES;
				GCC_WARN_ABOUT_RETURN_TYPE = YES_ERROR;
				GCC_WARN_UNDECLARED_SELECTOR = YES;
				GCC_WARN_UNINITIALIZED_AUTOS = YES_AGGRESSIVE;
				GCC_WARN_UNUSED_FUNCTION = YES;
				GCC_WARN_UNUSED_VARIABLE = YES;
				IPHONEOS_DEPLOYMENT_TARGET = 11.4;
				MTL_ENABLE_DEBUG_INFO = NO;
				SDKROOT = iphoneos;
				SWIFT_COMPILATION_MODE = wholemodule;
				SWIFT_OPTIMIZATION_LEVEL = "-O";
				VALIDATE_PRODUCT = YES;
			};
			name = Release;
		};
		54DFE4192148E1CF00DB2132 /* Debug */ = {
			isa = XCBuildConfiguration;
			buildSettings = {
				ASSETCATALOG_COMPILER_APPICON_NAME = AppIcon;
				CODE_SIGN_STYLE = Automatic;
				DEVELOPMENT_TEAM = FDTCRD4BVY;
				INFOPLIST_FILE = "Sort It Tista X/Info.plist";
				LD_RUNPATH_SEARCH_PATHS = (
					"$(inherited)",
					"@executable_path/Frameworks",
				);
				PRODUCT_BUNDLE_IDENTIFIER = "Tista.Sort-It-Tista-X";
				PRODUCT_NAME = "$(TARGET_NAME)";
				SWIFT_VERSION = 4.0;
				TARGETED_DEVICE_FAMILY = "1,2";
			};
			name = Debug;
		};
		54DFE41A2148E1CF00DB2132 /* Release */ = {
			isa = XCBuildConfiguration;
			buildSettings = {
				ASSETCATALOG_COMPILER_APPICON_NAME = AppIcon;
				CODE_SIGN_STYLE = Automatic;
				DEVELOPMENT_TEAM = FDTCRD4BVY;
				INFOPLIST_FILE = "Sort It Tista X/Info.plist";
				LD_RUNPATH_SEARCH_PATHS = (
					"$(inherited)",
					"@executable_path/Frameworks",
				);
				PRODUCT_BUNDLE_IDENTIFIER = "Tista.Sort-It-Tista-X";
				PRODUCT_NAME = "$(TARGET_NAME)";
				SWIFT_VERSION = 4.0;
				TARGETED_DEVICE_FAMILY = "1,2";
			};
			name = Release;
		};
		54DFE41C2148E1CF00DB2132 /* Debug */ = {
			isa = XCBuildConfiguration;
			buildSettings = {
				ALWAYS_EMBED_SWIFT_STANDARD_LIBRARIES = YES;
				BUNDLE_LOADER = "$(TEST_HOST)";
				CODE_SIGN_STYLE = Automatic;
				DEVELOPMENT_TEAM = FDTCRD4BVY;
				INFOPLIST_FILE = "Sort It Tista XTests/Info.plist";
				LD_RUNPATH_SEARCH_PATHS = (
					"$(inherited)",
					"@executable_path/Frameworks",
					"@loader_path/Frameworks",
				);
				PRODUCT_BUNDLE_IDENTIFIER = "Tista.Sort-It-Tista-XTests";
				PRODUCT_NAME = "$(TARGET_NAME)";
				SWIFT_VERSION = 4.0;
				TARGETED_DEVICE_FAMILY = "1,2";
				TEST_HOST = "$(BUILT_PRODUCTS_DIR)/Sort It Tista X.app/Sort It Tista X";
			};
			name = Debug;
		};
		54DFE41D2148E1CF00DB2132 /* Release */ = {
			isa = XCBuildConfiguration;
			buildSettings = {
				ALWAYS_EMBED_SWIFT_STANDARD_LIBRARIES = YES;
				BUNDLE_LOADER = "$(TEST_HOST)";
				CODE_SIGN_STYLE = Automatic;
				DEVELOPMENT_TEAM = FDTCRD4BVY;
				INFOPLIST_FILE = "Sort It Tista XTests/Info.plist";
				LD_RUNPATH_SEARCH_PATHS = (
					"$(inherited)",
					"@executable_path/Frameworks",
					"@loader_path/Frameworks",
				);
				PRODUCT_BUNDLE_IDENTIFIER = "Tista.Sort-It-Tista-XTests";
				PRODUCT_NAME = "$(TARGET_NAME)";
				SWIFT_VERSION = 4.0;
				TARGETED_DEVICE_FAMILY = "1,2";
				TEST_HOST = "$(BUILT_PRODUCTS_DIR)/Sort It Tista X.app/Sort It Tista X";
			};
			name = Release;
		};
		54DFE41F2148E1CF00DB2132 /* Debug */ = {
			isa = XCBuildConfiguration;
			buildSettings = {
				ALWAYS_EMBED_SWIFT_STANDARD_LIBRARIES = YES;
				CODE_SIGN_STYLE = Automatic;
				DEVELOPMENT_TEAM = FDTCRD4BVY;
				INFOPLIST_FILE = "Sort It Tista XUITests/Info.plist";
				LD_RUNPATH_SEARCH_PATHS = (
					"$(inherited)",
					"@executable_path/Frameworks",
					"@loader_path/Frameworks",
				);
				PRODUCT_BUNDLE_IDENTIFIER = "Tista.Sort-It-Tista-XUITests";
				PRODUCT_NAME = "$(TARGET_NAME)";
				SWIFT_VERSION = 4.0;
				TARGETED_DEVICE_FAMILY = "1,2";
				TEST_TARGET_NAME = "Sort It Tista X";
			};
			name = Debug;
		};
		54DFE4202148E1CF00DB2132 /* Release */ = {
			isa = XCBuildConfiguration;
			buildSettings = {
				ALWAYS_EMBED_SWIFT_STANDARD_LIBRARIES = YES;
				CODE_SIGN_STYLE = Automatic;
				DEVELOPMENT_TEAM = FDTCRD4BVY;
				INFOPLIST_FILE = "Sort It Tista XUITests/Info.plist";
				LD_RUNPATH_SEARCH_PATHS = (
					"$(inherited)",
					"@executable_path/Frameworks",
					"@loader_path/Frameworks",
				);
				PRODUCT_BUNDLE_IDENTIFIER = "Tista.Sort-It-Tista-XUITests";
				PRODUCT_NAME = "$(TARGET_NAME)";
				SWIFT_VERSION = 4.0;
				TARGETED_DEVICE_FAMILY = "1,2";
				TEST_TARGET_NAME = "Sort It Tista X";
			};
			name = Release;
		};
/* End XCBuildConfiguration section */

/* Begin XCConfigurationList section */
		54DFE3EB2148E1CC00DB2132 /* Build configuration list for PBXProject "Sort It Tista X" */ = {
			isa = XCConfigurationList;
			buildConfigurations = (
				54DFE4162148E1CF00DB2132 /* Debug */,
				54DFE4172148E1CF00DB2132 /* Release */,
			);
			defaultConfigurationIsVisible = 0;
			defaultConfigurationName = Release;
		};
		54DFE4182148E1CF00DB2132 /* Build configuration list for PBXNativeTarget "Sort It Tista X" */ = {
			isa = XCConfigurationList;
			buildConfigurations = (
				54DFE4192148E1CF00DB2132 /* Debug */,
				54DFE41A2148E1CF00DB2132 /* Release */,
			);
			defaultConfigurationIsVisible = 0;
			defaultConfigurationName = Release;
		};
		54DFE41B2148E1CF00DB2132 /* Build configuration list for PBXNativeTarget "Sort It Tista XTests" */ = {
			isa = XCConfigurationList;
			buildConfigurations = (
				54DFE41C2148E1CF00DB2132 /* Debug */,
				54DFE41D2148E1CF00DB2132 /* Release */,
			);
			defaultConfigurationIsVisible = 0;
			defaultConfigurationName = Release;
		};
		54DFE41E2148E1CF00DB2132 /* Build configuration list for PBXNativeTarget "Sort It Tista XUITests" */ = {
			isa = XCConfigurationList;
			buildConfigurations = (
				54DFE41F2148E1CF00DB2132 /* Debug */,
				54DFE4202148E1CF00DB2132 /* Release */,
			);
			defaultConfigurationIsVisible = 0;
			defaultConfigurationName = Release;
		};
/* End XCConfigurationList section */
	};
	rootObject = 54DFE3E82148E1CC00DB2132 /* Project object */;
}
